
Microsoft Visual Studio Solution File, Format Version 12.00
# Visual Studio Version 16
VisualStudioVersion = 16.0.29728.190
MinimumVisualStudioVersion = 10.0.40219.1
Project("{8BC9CEB8-8B4A-11D0-8D11-00A0C91BC942}") = "DummyConcurrency.Interface", "dcl\DummyConcurrency.Interface.vcxproj", "{740D9174-62D9-46EF-83C3-B91C740C04D4}"
EndProject
Project("{8BC9CEB8-8B4A-11D0-8D11-00A0C91BC942}") = "DummyConcurrencyLibrary.Tests", "tests\DummyConcurrencyLibrary.Tests.vcxproj", "{8F47A04D-2340-4D79-B194-ADF4FF920FC9}"
EndProject
Global
	GlobalSection(SolutionConfigurationPlatforms) = preSolution
		Debug|x64 = Debug|x64
		Debug|x86 = Debug|x86
		Release|x64 = Release|x64
		Release|x86 = Release|x86
	EndGlobalSection
	GlobalSection(ProjectConfigurationPlatforms) = postSolution
		{740D9174-62D9-46EF-83C3-B91C740C04D4}.Debug|x64.ActiveCfg = Debug|x64
		{740D9174-62D9-46EF-83C3-B91C740C04D4}.Debug|x64.Build.0 = Debug|x64
		{740D9174-62D9-46EF-83C3-B91C740C04D4}.Debug|x86.ActiveCfg = Debug|Win32
		{740D9174-62D9-46EF-83C3-B91C740C04D4}.Debug|x86.Build.0 = Debug|Win32
		{740D9174-62D9-46EF-83C3-B91C740C04D4}.Release|x64.ActiveCfg = Release|x64
		{740D9174-62D9-46EF-83C3-B91C740C04D4}.Release|x64.Build.0 = Release|x64
		{740D9174-62D9-46EF-83C3-B91C740C04D4}.Release|x86.ActiveCfg = Release|Win32
		{740D9174-62D9-46EF-83C3-B91C740C04D4}.Release|x86.Build.0 = Release|Win32
		{8F47A04D-2340-4D79-B194-ADF4FF920FC9}.Debug|x64.ActiveCfg = Debug|x64
		{8F47A04D-2340-4D79-B194-ADF4FF920FC9}.Debug|x64.Build.0 = Debug|x64
		{8F47A04D-2340-4D79-B194-ADF4FF920FC9}.Debug|x86.ActiveCfg = Debug|Win32
		{8F47A04D-2340-4D79-B194-ADF4FF920FC9}.Debug|x86.Build.0 = Debug|Win32
		{8F47A04D-2340-4D79-B194-ADF4FF920FC9}.Release|x64.ActiveCfg = Release|x64
		{8F47A04D-2340-4D79-B194-ADF4FF920FC9}.Release|x64.Build.0 = Release|x64
		{8F47A04D-2340-4D79-B194-ADF4FF920FC9}.Release|x86.ActiveCfg = Release|Win32
		{8F47A04D-2340-4D79-B194-ADF4FF920FC9}.Release|x86.Build.0 = Release|Win32
	EndGlobalSection
	GlobalSection(SolutionProperties) = preSolution
		HideSolutionNode = FALSE
	EndGlobalSection
	GlobalSection(ExtensibilityGlobals) = postSolution
		SolutionGuid = {13929116-3E4D-4FEB-A2A3-241EFBA5C612}
	EndGlobalSection
EndGlobal
